
Microsoft Visual Studio Solution File, Format Version 12.00
# Visual Studio Version 16
VisualStudioVersion = 16.0.31205.134
MinimumVisualStudioVersion = 10.0.40219.1
Project("{9A19103F-16F7-4668-BE54-9A1E7A4F7556}") = "RhRecrutamento", "RhRecrutamento\RhRecrutamento.csproj", "{7F2E7D8C-BF57-400B-93A6-B9BDA575C204}"
EndProject
Project("{FAE04EC0-301F-11D3-BF4B-00C04F79EFBC}") = "RhRecrutamento-Test", "RhRecrutamento-Test\RhRecrutamento-Test.csproj", "{8CEF3D54-2DCB-4F2F-BABB-5771E950D862}"
EndProject
Global
	GlobalSection(SolutionConfigurationPlatforms) = preSolution
		Debug|Any CPU = Debug|Any CPU
		Release|Any CPU = Release|Any CPU
	EndGlobalSection
	GlobalSection(ProjectConfigurationPlatforms) = postSolution
		{7F2E7D8C-BF57-400B-93A6-B9BDA575C204}.Debug|Any CPU.ActiveCfg = Debug|Any CPU
		{7F2E7D8C-BF57-400B-93A6-B9BDA575C204}.Debug|Any CPU.Build.0 = Debug|Any CPU
		{7F2E7D8C-BF57-400B-93A6-B9BDA575C204}.Release|Any CPU.ActiveCfg = Release|Any CPU
		{7F2E7D8C-BF57-400B-93A6-B9BDA575C204}.Release|Any CPU.Build.0 = Release|Any CPU
		{8CEF3D54-2DCB-4F2F-BABB-5771E950D862}.Debug|Any CPU.ActiveCfg = Debug|Any CPU
		{8CEF3D54-2DCB-4F2F-BABB-5771E950D862}.Debug|Any CPU.Build.0 = Debug|Any CPU
		{8CEF3D54-2DCB-4F2F-BABB-5771E950D862}.Release|Any CPU.ActiveCfg = Release|Any CPU
		{8CEF3D54-2DCB-4F2F-BABB-5771E950D862}.Release|Any CPU.Build.0 = Release|Any CPU
	EndGlobalSection
	GlobalSection(SolutionProperties) = preSolution
		HideSolutionNode = FALSE
	EndGlobalSection
	GlobalSection(ExtensibilityGlobals) = postSolution
		SolutionGuid = {0C4A782D-56B4-40EE-8F8A-3A0996662F97}
	EndGlobalSection
EndGlobal
